
Microsoft Visual Studio Solution File, Format Version 12.00
# Visual Studio Version 16
VisualStudioVersion = 16.0.30711.63
MinimumVisualStudioVersion = 10.0.40219.1
Project("{FAE04EC0-301F-11D3-BF4B-00C04F79EFBC}") = "MeetOlogy", "MeetOlogy.csproj", "{0FF8E8BC-9586-45BF-866B-F757400B1AF5}"
EndProject
Global
	GlobalSection(SolutionConfigurationPlatforms) = preSolution
		Debug|Any CPU = Debug|Any CPU
		Release|Any CPU = Release|Any CPU
	EndGlobalSection
	GlobalSection(ProjectConfigurationPlatforms) = postSolution
		{0FF8E8BC-9586-45BF-866B-F757400B1AF5}.Debug|Any CPU.ActiveCfg = Debug|Any CPU
		{0FF8E8BC-9586-45BF-866B-F757400B1AF5}.Debug|Any CPU.Build.0 = Debug|Any CPU
		{0FF8E8BC-9586-45BF-866B-F757400B1AF5}.Release|Any CPU.ActiveCfg = Release|Any CPU
		{0FF8E8BC-9586-45BF-866B-F757400B1AF5}.Release|Any CPU.Build.0 = Release|Any CPU
	EndGlobalSection
	GlobalSection(SolutionProperties) = preSolution
		HideSolutionNode = FALSE
	EndGlobalSection
	GlobalSection(ExtensibilityGlobals) = postSolution
		SolutionGuid = {16DB7C2C-F006-4464-9CD1-82C126B8BCF9}
	EndGlobalSection
EndGlobal
